// !$*UTF8*$!
{
	archiveVersion = 1;
	classes = {
	};
	objectVersion = 46;
	objects = {

/* Begin PBXBuildFile section */
		3035B8054D442211820A5B7D /* Pods_MovieViewer_by_Alex.framework in Frameworks */ = {isa = PBXBuildFile; fileRef = CB95797FA51896491E7EAF9A /* Pods_MovieViewer_by_Alex.framework */; };
		771B628D1DBEF18F00F7E404 /* MovieCell.swift in Sources */ = {isa = PBXBuildFile; fileRef = 771B628C1DBEF18F00F7E404 /* MovieCell.swift */; };
		771B62941DBF140200F7E404 /* DetailViewController.swift in Sources */ = {isa = PBXBuildFile; fileRef = 771B62931DBF140200F7E404 /* DetailViewController.swift */; };
		779A0C941DB7257D0019DA03 /* AppDelegate.swift in Sources */ = {isa = PBXBuildFile; fileRef = 779A0C931DB7257D0019DA03 /* AppDelegate.swift */; };
		779A0C991DB7257D0019DA03 /* Main.storyboard in Resources */ = {isa = PBXBuildFile; fileRef = 779A0C971DB7257D0019DA03 /* Main.storyboard */; };
		779A0C9B1DB7257D0019DA03 /* Assets.xcassets in Resources */ = {isa = PBXBuildFile; fileRef = 779A0C9A1DB7257D0019DA03 /* Assets.xcassets */; };
		779A0C9E1DB7257D0019DA03 /* LaunchScreen.storyboard in Resources */ = {isa = PBXBuildFile; fileRef = 779A0C9C1DB7257D0019DA03 /* LaunchScreen.storyboard */; };
		779A0CA61DB726630019DA03 /* MoviesViewController.swift in Sources */ = {isa = PBXBuildFile; fileRef = 779A0CA51DB726630019DA03 /* MoviesViewController.swift */; };
/* End PBXBuildFile section */

/* Begin PBXFileReference section */
		771B628C1DBEF18F00F7E404 /* MovieCell.swift */ = {isa = PBXFileReference; fileEncoding = 4; lastKnownFileType = sourcecode.swift; path = MovieCell.swift; sourceTree = "<group>"; };
		771B62931DBF140200F7E404 /* DetailViewController.swift */ = {isa = PBXFileReference; fileEncoding = 4; lastKnownFileType = sourcecode.swift; path = DetailViewController.swift; sourceTree = "<group>"; };
		779A0C901DB7257D0019DA03 /* MovieViewer by Alex.app */ = {isa = PBXFileReference; explicitFileType = wrapper.application; includeInIndex = 0; path = "MovieViewer by Alex.app"; sourceTree = BUILT_PRODUCTS_DIR; };
		779A0C931DB7257D0019DA03 /* AppDelegate.swift */ = {isa = PBXFileReference; lastKnownFileType = sourcecode.swift; path = AppDelegate.swift; sourceTree = "<group>"; };
		779A0C981DB7257D0019DA03 /* Base */ = {isa = PBXFileReference; lastKnownFileType = file.storyboard; name = Base; path = Base.lproj/Main.storyboard; sourceTree = "<group>"; };
		779A0C9A1DB7257D0019DA03 /* Assets.xcassets */ = {isa = PBXFileReference; lastKnownFileType = folder.assetcatalog; path = Assets.xcassets; sourceTree = "<group>"; };
		779A0C9D1DB7257D0019DA03 /* Base */ = {isa = PBXFileReference; lastKnownFileType = file.storyboard; name = Base; path = Base.lproj/LaunchScreen.storyboard; sourceTree = "<group>"; };
		779A0C9F1DB7257E0019DA03 /* Info.plist */ = {isa = PBXFileReference; lastKnownFileType = text.plist.xml; path = Info.plist; sourceTree = "<group>"; };
		779A0CA51DB726630019DA03 /* MoviesViewController.swift */ = {isa = PBXFileReference; fileEncoding = 4; lastKnownFileType = sourcecode.swift; path = MoviesViewController.swift; sourceTree = "<group>"; };
		7819E1A4F5875BBB8B2DD5CF /* Pods-MovieViewer by Alex.release.xcconfig */ = {isa = PBXFileReference; includeInIndex = 1; lastKnownFileType = text.xcconfig; name = "Pods-MovieViewer by Alex.release.xcconfig"; path = "Pods/Target Support Files/Pods-MovieViewer by Alex/Pods-MovieViewer by Alex.release.xcconfig"; sourceTree = "<group>"; };
		B2E5F992ACBFC19B4FDE2A12 /* Pods-MovieViewer by Alex.debug.xcconfig */ = {isa = PBXFileReference; includeInIndex = 1; lastKnownFileType = text.xcconfig; name = "Pods-MovieViewer by Alex.debug.xcconfig"; path = "Pods/Target Support Files/Pods-MovieViewer by Alex/Pods-MovieViewer by Alex.debug.xcconfig"; sourceTree = "<group>"; };
		CB95797FA51896491E7EAF9A /* Pods_MovieViewer_by_Alex.framework */ = {isa = PBXFileReference; explicitFileType = wrapper.framework; includeInIndex = 0; path = Pods_MovieViewer_by_Alex.framework; sourceTree = BUILT_PRODUCTS_DIR; };
/* End PBXFileReference section */

/* Begin PBXFrameworksBuildPhase section */
		779A0C8D1DB7257C0019DA03 /* Frameworks */ = {
			isa = PBXFrameworksBuildPhase;
			buildActionMask = 2147483647;
			files = (
				3035B8054D442211820A5B7D /* Pods_MovieViewer_by_Alex.framework in Frameworks */,
			);
			runOnlyForDeploymentPostprocessing = 0;
		};
/* End PBXFrameworksBuildPhase section */

/* Begin PBXGroup section */
		4A6B4564E12A226B7C7E54EB /* Frameworks */ = {
			isa = PBXGroup;
			children = (
				CB95797FA51896491E7EAF9A /* Pods_MovieViewer_by_Alex.framework */,
			);
			name = Frameworks;
			sourceTree = "<group>";
		};
		771B628B1DBEF0FC00F7E404 /* Views */ = {
			isa = PBXGroup;
			children = (
				771B628C1DBEF18F00F7E404 /* MovieCell.swift */,
			);
			name = Views;
			sourceTree = "<group>";
		};
		771B628E1DBEF1B900F7E404 /* view controllers */ = {
			isa = PBXGroup;
			children = (
				779A0CA51DB726630019DA03 /* MoviesViewController.swift */,
				771B62931DBF140200F7E404 /* DetailViewController.swift */,
			);
			name = "view controllers";
			sourceTree = "<group>";
		};
		779A0C871DB7257C0019DA03 = {
			isa = PBXGroup;
			children = (
				779A0C921DB7257D0019DA03 /* MovieViewer by Alex */,
				779A0C911DB7257D0019DA03 /* Products */,
				C6BCCE2FD90F693C27F61C7E /* Pods */,
				4A6B4564E12A226B7C7E54EB /* Frameworks */,
			);
			sourceTree = "<group>";
		};
		779A0C911DB7257D0019DA03 /* Products */ = {
			isa = PBXGroup;
			children = (
				779A0C901DB7257D0019DA03 /* MovieViewer by Alex.app */,
			);
			name = Products;
			sourceTree = "<group>";
		};
		779A0C921DB7257D0019DA03 /* MovieViewer by Alex */ = {
			isa = PBXGroup;
			children = (
				771B628E1DBEF1B900F7E404 /* view controllers */,
				771B628B1DBEF0FC00F7E404 /* Views */,
				779A0C931DB7257D0019DA03 /* AppDelegate.swift */,
				779A0C971DB7257D0019DA03 /* Main.storyboard */,
				779A0C9A1DB7257D0019DA03 /* Assets.xcassets */,
				779A0C9C1DB7257D0019DA03 /* LaunchScreen.storyboard */,
				779A0C9F1DB7257E0019DA03 /* Info.plist */,
			);
			path = "MovieViewer by Alex";
			sourceTree = "<group>";
		};
		C6BCCE2FD90F693C27F61C7E /* Pods */ = {
			isa = PBXGroup;
			children = (
				B2E5F992ACBFC19B4FDE2A12 /* Pods-MovieViewer by Alex.debug.xcconfig */,
				7819E1A4F5875BBB8B2DD5CF /* Pods-MovieViewer by Alex.release.xcconfig */,
			);
			name = Pods;
			sourceTree = "<group>";
		};
/* End PBXGroup section */

/* Begin PBXNativeTarget section */
		779A0C8F1DB7257C0019DA03 /* MovieViewer by Alex */ = {
			isa = PBXNativeTarget;
			buildConfigurationList = 779A0CA21DB7257E0019DA03 /* Build configuration list for PBXNativeTarget "MovieViewer by Alex" */;
			buildPhases = (
				3E211FF3AB121A602EE6B89F /* [CP] Check Pods Manifest.lock */,
				779A0C8C1DB7257C0019DA03 /* Sources */,
				779A0C8D1DB7257C0019DA03 /* Frameworks */,
				779A0C8E1DB7257C0019DA03 /* Resources */,
				AF56481C354957ECCADD4639 /* [CP] Embed Pods Frameworks */,
				BBA55903F39788F504C35D73 /* [CP] Copy Pods Resources */,
			);
			buildRules = (
			);
			dependencies = (
			);
			name = "MovieViewer by Alex";
			productName = "MovieViewer by Alex";
			productReference = 779A0C901DB7257D0019DA03 /* MovieViewer by Alex.app */;
			productType = "com.apple.product-type.application";
		};
/* End PBXNativeTarget section */

/* Begin PBXProject section */
		779A0C881DB7257C0019DA03 /* Project object */ = {
			isa = PBXProject;
			attributes = {
				LastSwiftUpdateCheck = 0800;
				LastUpgradeCheck = 0800;
				ORGANIZATIONNAME = "Alex Stepakov";
				TargetAttributes = {
					779A0C8F1DB7257C0019DA03 = {
						CreatedOnToolsVersion = 8.0;
						ProvisioningStyle = Automatic;
					};
				};
			};
			buildConfigurationList = 779A0C8B1DB7257C0019DA03 /* Build configuration list for PBXProject "MovieViewer by Alex" */;
			compatibilityVersion = "Xcode 3.2";
			developmentRegion = English;
			hasScannedForEncodings = 0;
			knownRegions = (
				en,
				Base,
			);
			mainGroup = 779A0C871DB7257C0019DA03;
			productRefGroup = 779A0C911DB7257D0019DA03 /* Products */;
			projectDirPath = "";
			projectRoot = "";
			targets = (
				779A0C8F1DB7257C0019DA03 /* MovieViewer by Alex */,
			);
		};
/* End PBXProject section */

/* Begin PBXResourcesBuildPhase section */
		779A0C8E1DB7257C0019DA03 /* Resources */ = {
			isa = PBXResourcesBuildPhase;
			buildActionMask = 2147483647;
			files = (
				779A0C9E1DB7257D0019DA03 /* LaunchScreen.storyboard in Resources */,
				779A0C9B1DB7257D0019DA03 /* Assets.xcassets in Resources */,
				779A0C991DB7257D0019DA03 /* Main.storyboard in Resources */,
			);
			runOnlyForDeploymentPostprocessing = 0;
		};
/* End PBXResourcesBuildPhase section */

/* Begin PBXShellScriptBuildPhase section */
		3E211FF3AB121A602EE6B89F /* [CP] Check Pods Manifest.lock */ = {
			isa = PBXShellScriptBuildPhase;
			buildActionMask = 2147483647;
			files = (
			);
			inputPaths = (
			);
			name = "[CP] Check Pods Manifest.lock";
			outputPaths = (
			);
			runOnlyForDeploymentPostprocessing = 0;
			shellPath = /bin/sh;
			shellScript = "diff \"${PODS_ROOT}/../Podfile.lock\" \"${PODS_ROOT}/Manifest.lock\" > /dev/null\nif [ $? != 0 ] ; then\n    # print error to STDERR\n    echo \"error: The sandbox is not in sync with the Podfile.lock. Run 'pod install' or update your CocoaPods installation.\" >&2\n    exit 1\nfi\n";
			showEnvVarsInLog = 0;
		};
		AF56481C354957ECCADD4639 /* [CP] Embed Pods Frameworks */ = {
			isa = PBXShellScriptBuildPhase;
			buildActionMask = 2147483647;
			files = (
			);
			inputPaths = (
			);
			name = "[CP] Embed Pods Frameworks";
			outputPaths = (
			);
			runOnlyForDeploymentPostprocessing = 0;
			shellPath = /bin/sh;
			shellScript = "\"${SRCROOT}/Pods/Target Support Files/Pods-MovieViewer by Alex/Pods-MovieViewer by Alex-frameworks.sh\"\n";
			showEnvVarsInLog = 0;
		};
		BBA55903F39788F504C35D73 /* [CP] Copy Pods Resources */ = {
			isa = PBXShellScriptBuildPhase;
			buildActionMask = 2147483647;
			files = (
			);
			inputPaths = (
			);
			name = "[CP] Copy Pods Resources";
			outputPaths = (
			);
			runOnlyForDeploymentPostprocessing = 0;
			shellPath = /bin/sh;
			shellScript = "\"${SRCROOT}/Pods/Target Support Files/Pods-MovieViewer by Alex/Pods-MovieViewer by Alex-resources.sh\"\n";
			showEnvVarsInLog = 0;
		};
/* End PBXShellScriptBuildPhase section */

/* Begin PBXSourcesBuildPhase section */
		779A0C8C1DB7257C0019DA03 /* Sources */ = {
			isa = PBXSourcesBuildPhase;
			buildActionMask = 2147483647;
			files = (
				779A0C941DB7257D0019DA03 /* AppDelegate.swift in Sources */,
				779A0CA61DB726630019DA03 /* MoviesViewController.swift in Sources */,
				771B628D1DBEF18F00F7E404 /* MovieCell.swift in Sources */,
				771B62941DBF140200F7E404 /* DetailViewController.swift in Sources */,
			);
			runOnlyForDeploymentPostprocessing = 0;
		};
/* End PBXSourcesBuildPhase section */

/* Begin PBXVariantGroup section */
		779A0C971DB7257D0019DA03 /* Main.storyboard */ = {
			isa = PBXVariantGroup;
			children = (
				779A0C981DB7257D0019DA03 /* Base */,
			);
			name = Main.storyboard;
			sourceTree = "<group>";
		};
		779A0C9C1DB7257D0019DA03 /* LaunchScreen.storyboard */ = {
			isa = PBXVariantGroup;
			children = (
				779A0C9D1DB7257D0019DA03 /* Base */,
			);
			name = LaunchScreen.storyboard;
			sourceTree = "<group>";
		};
/* End PBXVariantGroup section */

/* Begin XCBuildConfiguration section */
		779A0CA01DB7257E0019DA03 /* Debug */ = {
			isa = XCBuildConfiguration;
			buildSettings = {
				ALWAYS_SEARCH_USER_PATHS = NO;
				CLANG_ANALYZER_NONNULL = YES;
				CLANG_CXX_LANGUAGE_STANDARD = "gnu++0x";
				CLANG_CXX_LIBRARY = "libc++";
				CLANG_ENABLE_MODULES = YES;
				CLANG_ENABLE_OBJC_ARC = YES;
				CLANG_WARN_BOOL_CONVERSION = YES;
				CLANG_WARN_CONSTANT_CONVERSION = YES;
				CLANG_WARN_DIRECT_OBJC_ISA_USAGE = YES_ERROR;
				CLANG_WARN_DOCUMENTATION_COMMENTS = YES;
				CLANG_WARN_EMPTY_BODY = YES;
				CLANG_WARN_ENUM_CONVERSION = YES;
				CLANG_WARN_INFINITE_RECURSION = YES;
				CLANG_WARN_INT_CONVERSION = YES;
				CLANG_WARN_OBJC_ROOT_CLASS = YES_ERROR;
				CLANG_WARN_SUSPICIOUS_MOVES = YES;
				CLANG_WARN_UNREACHABLE_CODE = YES;
				CLANG_WARN__DUPLICATE_METHOD_MATCH = YES;
				"CODE_SIGN_IDENTITY[sdk=iphoneos*]" = "iPhone Developer";
				COPY_PHASE_STRIP = NO;
				DEBUG_INFORMATION_FORMAT = dwarf;
				ENABLE_STRICT_OBJC_MSGSEND = YES;
				ENABLE_TESTABILITY = YES;
				GCC_C_LANGUAGE_STANDARD = gnu99;
				GCC_DYNAMIC_NO_PIC = NO;
				GCC_NO_COMMON_BLOCKS = YES;
				GCC_OPTIMIZATION_LEVEL = 0;
				GCC_PREPROCESSOR_DEFINITIONS = (
					"DEBUG=1",
					"$(inherited)",
				);
				GCC_WARN_64_TO_32_BIT_CONVERSION = YES;
				GCC_WARN_ABOUT_RETURN_TYPE = YES_ERROR;
				GCC_WARN_UNDECLARED_SELECTOR = YES;
				GCC_WARN_UNINITIALIZED_AUTOS = YES_AGGRESSIVE;
				GCC_WARN_UNUSED_FUNCTION = YES;
				GCC_WARN_UNUSED_VARIABLE = YES;
				IPHONEOS_DEPLOYMENT_TARGET = 10.0;
				MTL_ENABLE_DEBUG_INFO = YES;
				ONLY_ACTIVE_ARCH = YES;
				SDKROOT = iphoneos;
				SWIFT_ACTIVE_COMPILATION_CONDITIONS = DEBUG;
				SWIFT_OPTIMIZATION_LEVEL = "-Onone";
				TARGETED_DEVICE_FAMILY = "1,2";
			};
			name = Debug;
		};
		779A0CA11DB7257E0019DA03 /* Release */ = {
			isa = XCBuildConfiguration;
			buildSettings = {
				ALWAYS_SEARCH_USER_PATHS = NO;
				CLANG_ANALYZER_NONNULL = YES;
				CLANG_CXX_LANGUAGE_STANDARD = "gnu++0x";
				CLANG_CXX_LIBRARY = "libc++";
				CLANG_ENABLE_MODULES = YES;
				CLANG_ENABLE_OBJC_ARC = YES;
				CLANG_WARN_BOOL_CONVERSION = YES;
				CLANG_WARN_CONSTANT_CONVERSION = YES;
				CLANG_WARN_DIRECT_OBJC_ISA_USAGE = YES_ERROR;
				CLANG_WARN_DOCUMENTATION_COMMENTS = YES;
				CLANG_WARN_EMPTY_BODY = YES;
				CLANG_WARN_ENUM_CONVERSION = YES;
				CLANG_WARN_INFINITE_RECURSION = YES;
				CLANG_WARN_INT_CONVERSION = YES;
				CLANG_WARN_OBJC_ROOT_CLASS = YES_ERROR;
				CLANG_WARN_SUSPICIOUS_MOVES = YES;
				CLANG_WARN_UNREACHABLE_CODE = YES;
				CLANG_WARN__DUPLICATE_METHOD_MATCH = YES;
				"CODE_SIGN_IDENTITY[sdk=iphoneos*]" = "iPhone Developer";
				COPY_PHASE_STRIP = NO;
				DEBUG_INFORMATION_FORMAT = "dwarf-with-dsym";
				ENABLE_NS_ASSERTIONS = NO;
				ENABLE_STRICT_OBJC_MSGSEND = YES;
				GCC_C_LANGUAGE_STANDARD = gnu99;
				GCC_NO_COMMON_BLOCKS = YES;
				GCC_WARN_64_TO_32_BIT_CONVERSION = YES;
				GCC_WARN_ABOUT_RETURN_TYPE = YES_ERROR;
				GCC_WARN_UNDECLARED_SELECTOR = YES;
				GCC_WARN_UNINITIALIZED_AUTOS = YES_AGGRESSIVE;
				GCC_WARN_UNUSED_FUNCTION = YES;
				GCC_WARN_UNUSED_VARIABLE = YES;
				IPHONEOS_DEPLOYMENT_TARGET = 10.0;
				MTL_ENABLE_DEBUG_INFO = NO;
				SDKROOT = iphoneos;
				SWIFT_OPTIMIZATION_LEVEL = "-Owholemodule";
				TARGETED_DEVICE_FAMILY = "1,2";
				VALIDATE_PRODUCT = YES;
			};
			name = Release;
		};
		779A0CA31DB7257E0019DA03 /* Debug */ = {
			isa = XCBuildConfiguration;
			baseConfigurationReference = B2E5F992ACBFC19B4FDE2A12 /* Pods-MovieViewer by Alex.debug.xcconfig */;
			buildSettings = {
				ASSETCATALOG_COMPILER_APPICON_NAME = AppIcon;
				INFOPLIST_FILE = "MovieViewer by Alex/Info.plist";
				LD_RUNPATH_SEARCH_PATHS = "$(inherited) @executable_path/Frameworks";
				PRODUCT_BUNDLE_IDENTIFIER = "n-a.MovieViewer-by-Alex";
				PRODUCT_NAME = "$(TARGET_NAME)";
				SWIFT_VERSION = 3.0;
			};
			name = Debug;
		};
		779A0CA41DB7257E0019DA03 /* Release */ = {
			isa = XCBuildConfiguration;
			baseConfigurationReference = 7819E1A4F5875BBB8B2DD5CF /* Pods-MovieViewer by Alex.release.xcconfig */;
			buildSettings = {
				ASSETCATALOG_COMPILER_APPICON_NAME = AppIcon;
				INFOPLIST_FILE = "MovieViewer by Alex/Info.plist";
				LD_RUNPATH_SEARCH_PATHS = "$(inherited) @executable_path/Frameworks";
				PRODUCT_BUNDLE_IDENTIFIER = "n-a.MovieViewer-by-Alex";
				PRODUCT_NAME = "$(TARGET_NAME)";
				SWIFT_VERSION = 3.0;
			};
			name = Release;
		};
/* End XCBuildConfiguration section */

/* Begin XCConfigurationList section */
		779A0C8B1DB7257C0019DA03 /* Build configuration list for PBXProject "MovieViewer by Alex" */ = {
			isa = XCConfigurationList;
			buildConfigurations = (
				779A0CA01DB7257E0019DA03 /* Debug */,
				779A0CA11DB7257E0019DA03 /* Release */,
			);
			defaultConfigurationIsVisible = 0;
			defaultConfigurationName = Release;
		};
		779A0CA21DB7257E0019DA03 /* Build configuration list for PBXNativeTarget "MovieViewer by Alex" */ = {
			isa = XCConfigurationList;
			buildConfigurations = (
				779A0CA31DB7257E0019DA03 /* Debug */,
				779A0CA41DB7257E0019DA03 /* Release */,
			);
			defaultConfigurationIsVisible = 0;
			defaultConfigurationName = Release;
		};
/* End XCConfigurationList section */
	};
	rootObject = 779A0C881DB7257C0019DA03 /* Project object */;
}
